
Microsoft Visual Studio Solution File, Format Version 12.00
# Visual Studio Version 17
VisualStudioVersion = 17.4.33213.308
MinimumVisualStudioVersion = 10.0.40219.1
Project("{FAE04EC0-301F-11D3-BF4B-00C04F79EFBC}") = "SimpleEmailApp", "SimpleEmailApp\SimpleEmailApp.csproj", "{559B2DD9-3F88-4E81-9F31-F3DAD19001ED}"
EndProject
Global
	GlobalSection(SolutionConfigurationPlatforms) = preSolution
		Debug|Any CPU = Debug|Any CPU
		Release|Any CPU = Release|Any CPU
	EndGlobalSection
	GlobalSection(ProjectConfigurationPlatforms) = postSolution
		{559B2DD9-3F88-4E81-9F31-F3DAD19001ED}.Debug|Any CPU.ActiveCfg = Debug|Any CPU
		{559B2DD9-3F88-4E81-9F31-F3DAD19001ED}.Debug|Any CPU.Build.0 = Debug|Any CPU
		{559B2DD9-3F88-4E81-9F31-F3DAD19001ED}.Release|Any CPU.ActiveCfg = Release|Any CPU
		{559B2DD9-3F88-4E81-9F31-F3DAD19001ED}.Release|Any CPU.Build.0 = Release|Any CPU
	EndGlobalSection
	GlobalSection(SolutionProperties) = preSolution
		HideSolutionNode = FALSE
	EndGlobalSection
	GlobalSection(ExtensibilityGlobals) = postSolution
		SolutionGuid = {F7E43EB0-9AD7-4263-9647-D88C97D46FF4}
	EndGlobalSection
EndGlobal
